// !$*UTF8*$!
{
	archiveVersion = 1;
	classes = {
	};
	objectVersion = 50;
	objects = {

/* Begin PBXBuildFile section */
		49068795257661D900B9BC18 /* main.swift in Sources */ = {isa = PBXBuildFile; fileRef = 49068794257661D900B9BC18 /* main.swift */; };
		4906879D257661EA00B9BC18 /* 1.swift in Sources */ = {isa = PBXBuildFile; fileRef = 4906879C257661EA00B9BC18 /* 1.swift */; };
		490687A02576625400B9BC18 /* 1-input.swift in Sources */ = {isa = PBXBuildFile; fileRef = 4906879F2576625400B9BC18 /* 1-input.swift */; };
		490687A32576628200B9BC18 /* utils.swift in Sources */ = {isa = PBXBuildFile; fileRef = 490687A22576628200B9BC18 /* utils.swift */; };
		490800512578CEF100CB3584 /* 4.swift in Sources */ = {isa = PBXBuildFile; fileRef = 490800502578CEF100CB3584 /* 4.swift */; };
		490800542578CEFE00CB3584 /* 4-input.swift in Sources */ = {isa = PBXBuildFile; fileRef = 490800532578CEFE00CB3584 /* 4-input.swift */; };
		494CA07A257E184100377502 /* 7.swift in Sources */ = {isa = PBXBuildFile; fileRef = 494CA079257E184100377502 /* 7.swift */; };
		494CA07D257E184800377502 /* 7-input.swift in Sources */ = {isa = PBXBuildFile; fileRef = 494CA07C257E184800377502 /* 7-input.swift */; };
		494CA085257F39C500377502 /* 8.swift in Sources */ = {isa = PBXBuildFile; fileRef = 494CA084257F39C500377502 /* 8.swift */; };
		494CA088257F39D100377502 /* 8-input.swift in Sources */ = {isa = PBXBuildFile; fileRef = 494CA087257F39D100377502 /* 8-input.swift */; };
		494CA08C2580B4CE00377502 /* 9.swift in Sources */ = {isa = PBXBuildFile; fileRef = 494CA08B2580B4CE00377502 /* 9.swift */; };
		494CA08F2580B4D500377502 /* 9-input.swift in Sources */ = {isa = PBXBuildFile; fileRef = 494CA08E2580B4D500377502 /* 9-input.swift */; };
		494CA09225815BE800377502 /* 10.swift in Sources */ = {isa = PBXBuildFile; fileRef = 494CA09125815BE800377502 /* 10.swift */; };
		494CA09525815BEF00377502 /* 10-input.swift in Sources */ = {isa = PBXBuildFile; fileRef = 494CA09425815BEF00377502 /* 10-input.swift */; };
		494D58662589C75100CF9D19 /* 16.swift in Sources */ = {isa = PBXBuildFile; fileRef = 494D58652589C75100CF9D19 /* 16.swift */; };
		494D58692589C75E00CF9D19 /* 16-input.swift in Sources */ = {isa = PBXBuildFile; fileRef = 494D58682589C75E00CF9D19 /* 16-input.swift */; };
		4972B2BC25874E65006C9AEA /* 14.swift in Sources */ = {isa = PBXBuildFile; fileRef = 4972B2BB25874E65006C9AEA /* 14.swift */; };
		4972B2BF25874E6B006C9AEA /* 14-input.swift in Sources */ = {isa = PBXBuildFile; fileRef = 4972B2BE25874E6B006C9AEA /* 14-input.swift */; };
		498F33A5257BECC900132D00 /* 5.swift in Sources */ = {isa = PBXBuildFile; fileRef = 498F33A4257BECC900132D00 /* 5.swift */; };
		498F33A8257BECD900132D00 /* 5-input.swift in Sources */ = {isa = PBXBuildFile; fileRef = 498F33A7257BECD900132D00 /* 5-input.swift */; };
		49CC20D9257CBEB70030483B /* 6.swift in Sources */ = {isa = PBXBuildFile; fileRef = 49CC20D8257CBEB70030483B /* 6.swift */; };
		49CC20DC257CBEBD0030483B /* 6-input.swift in Sources */ = {isa = PBXBuildFile; fileRef = 49CC20DB257CBEBD0030483B /* 6-input.swift */; };
		49E15D8E258330D300FBCD67 /* 11.swift in Sources */ = {isa = PBXBuildFile; fileRef = 49E15D8D258330D300FBCD67 /* 11.swift */; };
		49E15D91258330D800FBCD67 /* 11-input.swift in Sources */ = {isa = PBXBuildFile; fileRef = 49E15D90258330D800FBCD67 /* 11-input.swift */; };
		49E15DA925850D7C00FBCD67 /* 12.swift in Sources */ = {isa = PBXBuildFile; fileRef = 49E15DA825850D7C00FBCD67 /* 12.swift */; };
		49E15DAC25850D8200FBCD67 /* 12-input.swift in Sources */ = {isa = PBXBuildFile; fileRef = 49E15DAB25850D8200FBCD67 /* 12-input.swift */; };
		49E15DB02585815900FBCD67 /* 13.swift in Sources */ = {isa = PBXBuildFile; fileRef = 49E15DAF2585815900FBCD67 /* 13.swift */; };
		49E15DB32585816200FBCD67 /* 13-input.swift in Sources */ = {isa = PBXBuildFile; fileRef = 49E15DB22585816200FBCD67 /* 13-input.swift */; };
		49E423E62588A520004C6FD1 /* 15.swift in Sources */ = {isa = PBXBuildFile; fileRef = 49E423E52588A520004C6FD1 /* 15.swift */; };
		49EFDE9025777B0200123A73 /* 2.swift in Sources */ = {isa = PBXBuildFile; fileRef = 49EFDE8F25777B0200123A73 /* 2.swift */; };
		49EFDE9325777B0B00123A73 /* 2-input.swift in Sources */ = {isa = PBXBuildFile; fileRef = 49EFDE9225777B0B00123A73 /* 2-input.swift */; };
		49EFDE9825778C6500123A73 /* 3.swift in Sources */ = {isa = PBXBuildFile; fileRef = 49EFDE9725778C6500123A73 /* 3.swift */; };
		49EFDE9B25778C7200123A73 /* 3-input.swift in Sources */ = {isa = PBXBuildFile; fileRef = 49EFDE9A25778C7200123A73 /* 3-input.swift */; };
/* End PBXBuildFile section */

/* Begin PBXCopyFilesBuildPhase section */
		4906878F257661D900B9BC18 /* CopyFiles */ = {
			isa = PBXCopyFilesBuildPhase;
			buildActionMask = 2147483647;
			dstPath = /usr/share/man/man1/;
			dstSubfolderSpec = 0;
			files = (
			);
			runOnlyForDeploymentPostprocessing = 1;
		};
/* End PBXCopyFilesBuildPhase section */

/* Begin PBXFileReference section */
		49068791257661D900B9BC18 /* AdventCode2020 */ = {isa = PBXFileReference; explicitFileType = "compiled.mach-o.executable"; includeInIndex = 0; path = AdventCode2020; sourceTree = BUILT_PRODUCTS_DIR; };
		49068794257661D900B9BC18 /* main.swift */ = {isa = PBXFileReference; lastKnownFileType = sourcecode.swift; path = main.swift; sourceTree = "<group>"; };
		4906879C257661EA00B9BC18 /* 1.swift */ = {isa = PBXFileReference; lastKnownFileType = sourcecode.swift; path = 1.swift; sourceTree = "<group>"; };
		4906879F2576625400B9BC18 /* 1-input.swift */ = {isa = PBXFileReference; lastKnownFileType = sourcecode.swift; path = "1-input.swift"; sourceTree = "<group>"; };
		490687A22576628200B9BC18 /* utils.swift */ = {isa = PBXFileReference; lastKnownFileType = sourcecode.swift; path = utils.swift; sourceTree = "<group>"; };
		490800502578CEF100CB3584 /* 4.swift */ = {isa = PBXFileReference; lastKnownFileType = sourcecode.swift; path = 4.swift; sourceTree = "<group>"; };
		490800532578CEFE00CB3584 /* 4-input.swift */ = {isa = PBXFileReference; lastKnownFileType = sourcecode.swift; path = "4-input.swift"; sourceTree = "<group>"; };
		494CA079257E184100377502 /* 7.swift */ = {isa = PBXFileReference; lastKnownFileType = sourcecode.swift; path = 7.swift; sourceTree = "<group>"; };
		494CA07C257E184800377502 /* 7-input.swift */ = {isa = PBXFileReference; lastKnownFileType = sourcecode.swift; path = "7-input.swift"; sourceTree = "<group>"; };
		494CA084257F39C500377502 /* 8.swift */ = {isa = PBXFileReference; lastKnownFileType = sourcecode.swift; path = 8.swift; sourceTree = "<group>"; };
		494CA087257F39D100377502 /* 8-input.swift */ = {isa = PBXFileReference; lastKnownFileType = sourcecode.swift; path = "8-input.swift"; sourceTree = "<group>"; };
		494CA08B2580B4CE00377502 /* 9.swift */ = {isa = PBXFileReference; lastKnownFileType = sourcecode.swift; path = 9.swift; sourceTree = "<group>"; };
		494CA08E2580B4D500377502 /* 9-input.swift */ = {isa = PBXFileReference; lastKnownFileType = sourcecode.swift; path = "9-input.swift"; sourceTree = "<group>"; };
		494CA09125815BE800377502 /* 10.swift */ = {isa = PBXFileReference; lastKnownFileType = sourcecode.swift; path = 10.swift; sourceTree = "<group>"; };
		494CA09425815BEF00377502 /* 10-input.swift */ = {isa = PBXFileReference; lastKnownFileType = sourcecode.swift; path = "10-input.swift"; sourceTree = "<group>"; };
		494D58652589C75100CF9D19 /* 16.swift */ = {isa = PBXFileReference; lastKnownFileType = sourcecode.swift; path = 16.swift; sourceTree = "<group>"; };
		494D58682589C75E00CF9D19 /* 16-input.swift */ = {isa = PBXFileReference; lastKnownFileType = sourcecode.swift; path = "16-input.swift"; sourceTree = "<group>"; };
		4972B2BB25874E65006C9AEA /* 14.swift */ = {isa = PBXFileReference; lastKnownFileType = sourcecode.swift; path = 14.swift; sourceTree = "<group>"; };
		4972B2BE25874E6B006C9AEA /* 14-input.swift */ = {isa = PBXFileReference; lastKnownFileType = sourcecode.swift; path = "14-input.swift"; sourceTree = "<group>"; };
		498F33A4257BECC900132D00 /* 5.swift */ = {isa = PBXFileReference; lastKnownFileType = sourcecode.swift; path = 5.swift; sourceTree = "<group>"; };
		498F33A7257BECD900132D00 /* 5-input.swift */ = {isa = PBXFileReference; lastKnownFileType = sourcecode.swift; path = "5-input.swift"; sourceTree = "<group>"; };
		49CC20D8257CBEB70030483B /* 6.swift */ = {isa = PBXFileReference; lastKnownFileType = sourcecode.swift; path = 6.swift; sourceTree = "<group>"; };
		49CC20DB257CBEBD0030483B /* 6-input.swift */ = {isa = PBXFileReference; lastKnownFileType = sourcecode.swift; path = "6-input.swift"; sourceTree = "<group>"; };
		49E15D8D258330D300FBCD67 /* 11.swift */ = {isa = PBXFileReference; lastKnownFileType = sourcecode.swift; path = 11.swift; sourceTree = "<group>"; };
		49E15D90258330D800FBCD67 /* 11-input.swift */ = {isa = PBXFileReference; lastKnownFileType = sourcecode.swift; path = "11-input.swift"; sourceTree = "<group>"; };
		49E15DA825850D7C00FBCD67 /* 12.swift */ = {isa = PBXFileReference; lastKnownFileType = sourcecode.swift; path = 12.swift; sourceTree = "<group>"; };
		49E15DAB25850D8200FBCD67 /* 12-input.swift */ = {isa = PBXFileReference; lastKnownFileType = sourcecode.swift; path = "12-input.swift"; sourceTree = "<group>"; };
		49E15DAF2585815900FBCD67 /* 13.swift */ = {isa = PBXFileReference; lastKnownFileType = sourcecode.swift; path = 13.swift; sourceTree = "<group>"; };
		49E15DB22585816200FBCD67 /* 13-input.swift */ = {isa = PBXFileReference; lastKnownFileType = sourcecode.swift; path = "13-input.swift"; sourceTree = "<group>"; };
		49E423E52588A520004C6FD1 /* 15.swift */ = {isa = PBXFileReference; lastKnownFileType = sourcecode.swift; path = 15.swift; sourceTree = "<group>"; };
		49EFDE8F25777B0200123A73 /* 2.swift */ = {isa = PBXFileReference; lastKnownFileType = sourcecode.swift; path = 2.swift; sourceTree = "<group>"; };
		49EFDE9225777B0B00123A73 /* 2-input.swift */ = {isa = PBXFileReference; lastKnownFileType = sourcecode.swift; path = "2-input.swift"; sourceTree = "<group>"; };
		49EFDE9725778C6500123A73 /* 3.swift */ = {isa = PBXFileReference; lastKnownFileType = sourcecode.swift; path = 3.swift; sourceTree = "<group>"; };
		49EFDE9A25778C7200123A73 /* 3-input.swift */ = {isa = PBXFileReference; lastKnownFileType = sourcecode.swift; path = "3-input.swift"; sourceTree = "<group>"; };
/* End PBXFileReference section */

/* Begin PBXFrameworksBuildPhase section */
		4906878E257661D900B9BC18 /* Frameworks */ = {
			isa = PBXFrameworksBuildPhase;
			buildActionMask = 2147483647;
			files = (
			);
			runOnlyForDeploymentPostprocessing = 0;
		};
/* End PBXFrameworksBuildPhase section */

/* Begin PBXGroup section */
		49068788257661D900B9BC18 = {
			isa = PBXGroup;
			children = (
				49068793257661D900B9BC18 /* AdventCode2020 */,
				49068792257661D900B9BC18 /* Products */,
			);
			sourceTree = "<group>";
		};
		49068792257661D900B9BC18 /* Products */ = {
			isa = PBXGroup;
			children = (
				49068791257661D900B9BC18 /* AdventCode2020 */,
			);
			name = Products;
			sourceTree = "<group>";
		};
		49068793257661D900B9BC18 /* AdventCode2020 */ = {
			isa = PBXGroup;
			children = (
				49068794257661D900B9BC18 /* main.swift */,
				490687A22576628200B9BC18 /* utils.swift */,
				494D58652589C75100CF9D19 /* 16.swift */,
				494D58682589C75E00CF9D19 /* 16-input.swift */,
				49E423E52588A520004C6FD1 /* 15.swift */,
				4972B2BB25874E65006C9AEA /* 14.swift */,
				4972B2BE25874E6B006C9AEA /* 14-input.swift */,
				49E15DAF2585815900FBCD67 /* 13.swift */,
				49E15DB22585816200FBCD67 /* 13-input.swift */,
				49E15DA825850D7C00FBCD67 /* 12.swift */,
				49E15DAB25850D8200FBCD67 /* 12-input.swift */,
				49E15D8D258330D300FBCD67 /* 11.swift */,
				49E15D90258330D800FBCD67 /* 11-input.swift */,
				494CA09125815BE800377502 /* 10.swift */,
				494CA09425815BEF00377502 /* 10-input.swift */,
				494CA08B2580B4CE00377502 /* 9.swift */,
				494CA08E2580B4D500377502 /* 9-input.swift */,
				494CA084257F39C500377502 /* 8.swift */,
				494CA087257F39D100377502 /* 8-input.swift */,
				494CA079257E184100377502 /* 7.swift */,
				494CA07C257E184800377502 /* 7-input.swift */,
				49CC20D8257CBEB70030483B /* 6.swift */,
				49CC20DB257CBEBD0030483B /* 6-input.swift */,
				498F33A4257BECC900132D00 /* 5.swift */,
				498F33A7257BECD900132D00 /* 5-input.swift */,
				490800502578CEF100CB3584 /* 4.swift */,
				490800532578CEFE00CB3584 /* 4-input.swift */,
				49EFDE9725778C6500123A73 /* 3.swift */,
				49EFDE9A25778C7200123A73 /* 3-input.swift */,
				49EFDE8F25777B0200123A73 /* 2.swift */,
				49EFDE9225777B0B00123A73 /* 2-input.swift */,
				4906879C257661EA00B9BC18 /* 1.swift */,
				4906879F2576625400B9BC18 /* 1-input.swift */,
			);
			path = AdventCode2020;
			sourceTree = "<group>";
		};
/* End PBXGroup section */

/* Begin PBXNativeTarget section */
		49068790257661D900B9BC18 /* AdventCode2020 */ = {
			isa = PBXNativeTarget;
			buildConfigurationList = 49068798257661D900B9BC18 /* Build configuration list for PBXNativeTarget "AdventCode2020" */;
			buildPhases = (
				4906878D257661D900B9BC18 /* Sources */,
				4906878E257661D900B9BC18 /* Frameworks */,
				4906878F257661D900B9BC18 /* CopyFiles */,
			);
			buildRules = (
			);
			dependencies = (
			);
			name = AdventCode2020;
			productName = AdventCode2020;
			productReference = 49068791257661D900B9BC18 /* AdventCode2020 */;
			productType = "com.apple.product-type.tool";
		};
/* End PBXNativeTarget section */

/* Begin PBXProject section */
		49068789257661D900B9BC18 /* Project object */ = {
			isa = PBXProject;
			attributes = {
				LastSwiftUpdateCheck = 1220;
				LastUpgradeCheck = 1220;
				TargetAttributes = {
					49068790257661D900B9BC18 = {
						CreatedOnToolsVersion = 12.2;
					};
				};
			};
			buildConfigurationList = 4906878C257661D900B9BC18 /* Build configuration list for PBXProject "AdventCode2020" */;
			compatibilityVersion = "Xcode 9.3";
			developmentRegion = en;
			hasScannedForEncodings = 0;
			knownRegions = (
				en,
				Base,
			);
			mainGroup = 49068788257661D900B9BC18;
			productRefGroup = 49068792257661D900B9BC18 /* Products */;
			projectDirPath = "";
			projectRoot = "";
			targets = (
				49068790257661D900B9BC18 /* AdventCode2020 */,
			);
		};
/* End PBXProject section */

/* Begin PBXSourcesBuildPhase section */
		4906878D257661D900B9BC18 /* Sources */ = {
			isa = PBXSourcesBuildPhase;
			buildActionMask = 2147483647;
			files = (
				49E423E62588A520004C6FD1 /* 15.swift in Sources */,
				49CC20D9257CBEB70030483B /* 6.swift in Sources */,
				49CC20DC257CBEBD0030483B /* 6-input.swift in Sources */,
				4972B2BC25874E65006C9AEA /* 14.swift in Sources */,
				49E15DB32585816200FBCD67 /* 13-input.swift in Sources */,
				49EFDE9B25778C7200123A73 /* 3-input.swift in Sources */,
				494CA088257F39D100377502 /* 8-input.swift in Sources */,
				49068795257661D900B9BC18 /* main.swift in Sources */,
				494CA09525815BEF00377502 /* 10-input.swift in Sources */,
				498F33A8257BECD900132D00 /* 5-input.swift in Sources */,
				494D58662589C75100CF9D19 /* 16.swift in Sources */,
				4972B2BF25874E6B006C9AEA /* 14-input.swift in Sources */,
				49EFDE9025777B0200123A73 /* 2.swift in Sources */,
				494CA08C2580B4CE00377502 /* 9.swift in Sources */,
				494CA07A257E184100377502 /* 7.swift in Sources */,
				490800512578CEF100CB3584 /* 4.swift in Sources */,
				49E15DAC25850D8200FBCD67 /* 12-input.swift in Sources */,
				494CA08F2580B4D500377502 /* 9-input.swift in Sources */,
				494CA09225815BE800377502 /* 10.swift in Sources */,
				49E15D91258330D800FBCD67 /* 11-input.swift in Sources */,
				4906879D257661EA00B9BC18 /* 1.swift in Sources */,
				49E15D8E258330D300FBCD67 /* 11.swift in Sources */,
				494D58692589C75E00CF9D19 /* 16-input.swift in Sources */,
				49EFDE9325777B0B00123A73 /* 2-input.swift in Sources */,
				498F33A5257BECC900132D00 /* 5.swift in Sources */,
				49E15DA925850D7C00FBCD67 /* 12.swift in Sources */,
				49E15DB02585815900FBCD67 /* 13.swift in Sources */,
				490687A02576625400B9BC18 /* 1-input.swift in Sources */,
				494CA07D257E184800377502 /* 7-input.swift in Sources */,
				490800542578CEFE00CB3584 /* 4-input.swift in Sources */,
				490687A32576628200B9BC18 /* utils.swift in Sources */,
				494CA085257F39C500377502 /* 8.swift in Sources */,
				49EFDE9825778C6500123A73 /* 3.swift in Sources */,
			);
			runOnlyForDeploymentPostprocessing = 0;
		};
/* End PBXSourcesBuildPhase section */

/* Begin XCBuildConfiguration section */
		49068796257661D900B9BC18 /* Debug */ = {
			isa = XCBuildConfiguration;
			buildSettings = {
				ALWAYS_SEARCH_USER_PATHS = NO;
				CLANG_ANALYZER_NONNULL = YES;
				CLANG_ANALYZER_NUMBER_OBJECT_CONVERSION = YES_AGGRESSIVE;
				CLANG_CXX_LANGUAGE_STANDARD = "gnu++14";
				CLANG_CXX_LIBRARY = "libc++";
				CLANG_ENABLE_MODULES = YES;
				CLANG_ENABLE_OBJC_ARC = YES;
				CLANG_ENABLE_OBJC_WEAK = YES;
				CLANG_WARN_BLOCK_CAPTURE_AUTORELEASING = YES;
				CLANG_WARN_BOOL_CONVERSION = YES;
				CLANG_WARN_COMMA = YES;
				CLANG_WARN_CONSTANT_CONVERSION = YES;
				CLANG_WARN_DEPRECATED_OBJC_IMPLEMENTATIONS = YES;
				CLANG_WARN_DIRECT_OBJC_ISA_USAGE = YES_ERROR;
				CLANG_WARN_DOCUMENTATION_COMMENTS = YES;
				CLANG_WARN_EMPTY_BODY = YES;
				CLANG_WARN_ENUM_CONVERSION = YES;
				CLANG_WARN_INFINITE_RECURSION = YES;
				CLANG_WARN_INT_CONVERSION = YES;
				CLANG_WARN_NON_LITERAL_NULL_CONVERSION = YES;
				CLANG_WARN_OBJC_IMPLICIT_RETAIN_SELF = YES;
				CLANG_WARN_OBJC_LITERAL_CONVERSION = YES;
				CLANG_WARN_OBJC_ROOT_CLASS = YES_ERROR;
				CLANG_WARN_QUOTED_INCLUDE_IN_FRAMEWORK_HEADER = YES;
				CLANG_WARN_RANGE_LOOP_ANALYSIS = YES;
				CLANG_WARN_STRICT_PROTOTYPES = YES;
				CLANG_WARN_SUSPICIOUS_MOVE = YES;
				CLANG_WARN_UNGUARDED_AVAILABILITY = YES_AGGRESSIVE;
				CLANG_WARN_UNREACHABLE_CODE = YES;
				CLANG_WARN__DUPLICATE_METHOD_MATCH = YES;
				COPY_PHASE_STRIP = NO;
				DEBUG_INFORMATION_FORMAT = dwarf;
				ENABLE_STRICT_OBJC_MSGSEND = YES;
				ENABLE_TESTABILITY = YES;
				GCC_C_LANGUAGE_STANDARD = gnu11;
				GCC_DYNAMIC_NO_PIC = NO;
				GCC_NO_COMMON_BLOCKS = YES;
				GCC_OPTIMIZATION_LEVEL = 0;
				GCC_PREPROCESSOR_DEFINITIONS = (
					"DEBUG=1",
					"$(inherited)",
				);
				GCC_WARN_64_TO_32_BIT_CONVERSION = YES;
				GCC_WARN_ABOUT_RETURN_TYPE = YES_ERROR;
				GCC_WARN_UNDECLARED_SELECTOR = YES;
				GCC_WARN_UNINITIALIZED_AUTOS = YES_AGGRESSIVE;
				GCC_WARN_UNUSED_FUNCTION = YES;
				GCC_WARN_UNUSED_VARIABLE = YES;
				MACOSX_DEPLOYMENT_TARGET = 10.15;
				MTL_ENABLE_DEBUG_INFO = INCLUDE_SOURCE;
				MTL_FAST_MATH = YES;
				ONLY_ACTIVE_ARCH = YES;
				SDKROOT = macosx;
				SWIFT_ACTIVE_COMPILATION_CONDITIONS = DEBUG;
				SWIFT_OPTIMIZATION_LEVEL = "-Onone";
			};
			name = Debug;
		};
		49068797257661D900B9BC18 /* Release */ = {
			isa = XCBuildConfiguration;
			buildSettings = {
				ALWAYS_SEARCH_USER_PATHS = NO;
				CLANG_ANALYZER_NONNULL = YES;
				CLANG_ANALYZER_NUMBER_OBJECT_CONVERSION = YES_AGGRESSIVE;
				CLANG_CXX_LANGUAGE_STANDARD = "gnu++14";
				CLANG_CXX_LIBRARY = "libc++";
				CLANG_ENABLE_MODULES = YES;
				CLANG_ENABLE_OBJC_ARC = YES;
				CLANG_ENABLE_OBJC_WEAK = YES;
				CLANG_WARN_BLOCK_CAPTURE_AUTORELEASING = YES;
				CLANG_WARN_BOOL_CONVERSION = YES;
				CLANG_WARN_COMMA = YES;
				CLANG_WARN_CONSTANT_CONVERSION = YES;
				CLANG_WARN_DEPRECATED_OBJC_IMPLEMENTATIONS = YES;
				CLANG_WARN_DIRECT_OBJC_ISA_USAGE = YES_ERROR;
				CLANG_WARN_DOCUMENTATION_COMMENTS = YES;
				CLANG_WARN_EMPTY_BODY = YES;
				CLANG_WARN_ENUM_CONVERSION = YES;
				CLANG_WARN_INFINITE_RECURSION = YES;
				CLANG_WARN_INT_CONVERSION = YES;
				CLANG_WARN_NON_LITERAL_NULL_CONVERSION = YES;
				CLANG_WARN_OBJC_IMPLICIT_RETAIN_SELF = YES;
				CLANG_WARN_OBJC_LITERAL_CONVERSION = YES;
				CLANG_WARN_OBJC_ROOT_CLASS = YES_ERROR;
				CLANG_WARN_QUOTED_INCLUDE_IN_FRAMEWORK_HEADER = YES;
				CLANG_WARN_RANGE_LOOP_ANALYSIS = YES;
				CLANG_WARN_STRICT_PROTOTYPES = YES;
				CLANG_WARN_SUSPICIOUS_MOVE = YES;
				CLANG_WARN_UNGUARDED_AVAILABILITY = YES_AGGRESSIVE;
				CLANG_WARN_UNREACHABLE_CODE = YES;
				CLANG_WARN__DUPLICATE_METHOD_MATCH = YES;
				COPY_PHASE_STRIP = NO;
				DEBUG_INFORMATION_FORMAT = "dwarf-with-dsym";
				ENABLE_NS_ASSERTIONS = NO;
				ENABLE_STRICT_OBJC_MSGSEND = YES;
				GCC_C_LANGUAGE_STANDARD = gnu11;
				GCC_NO_COMMON_BLOCKS = YES;
				GCC_WARN_64_TO_32_BIT_CONVERSION = YES;
				GCC_WARN_ABOUT_RETURN_TYPE = YES_ERROR;
				GCC_WARN_UNDECLARED_SELECTOR = YES;
				GCC_WARN_UNINITIALIZED_AUTOS = YES_AGGRESSIVE;
				GCC_WARN_UNUSED_FUNCTION = YES;
				GCC_WARN_UNUSED_VARIABLE = YES;
				MACOSX_DEPLOYMENT_TARGET = 10.15;
				MTL_ENABLE_DEBUG_INFO = NO;
				MTL_FAST_MATH = YES;
				SDKROOT = macosx;
				SWIFT_COMPILATION_MODE = wholemodule;
				SWIFT_OPTIMIZATION_LEVEL = "-O";
			};
			name = Release;
		};
		49068799257661D900B9BC18 /* Debug */ = {
			isa = XCBuildConfiguration;
			buildSettings = {
				CODE_SIGN_STYLE = Automatic;
				DEVELOPMENT_TEAM = G3962GSWDX;
				ENABLE_HARDENED_RUNTIME = YES;
				PRODUCT_NAME = "$(TARGET_NAME)";
				SWIFT_VERSION = 5.0;
			};
			name = Debug;
		};
		4906879A257661D900B9BC18 /* Release */ = {
			isa = XCBuildConfiguration;
			buildSettings = {
				CODE_SIGN_STYLE = Automatic;
				DEVELOPMENT_TEAM = G3962GSWDX;
				ENABLE_HARDENED_RUNTIME = YES;
				PRODUCT_NAME = "$(TARGET_NAME)";
				SWIFT_VERSION = 5.0;
			};
			name = Release;
		};
/* End XCBuildConfiguration section */

/* Begin XCConfigurationList section */
		4906878C257661D900B9BC18 /* Build configuration list for PBXProject "AdventCode2020" */ = {
			isa = XCConfigurationList;
			buildConfigurations = (
				49068796257661D900B9BC18 /* Debug */,
				49068797257661D900B9BC18 /* Release */,
			);
			defaultConfigurationIsVisible = 0;
			defaultConfigurationName = Release;
		};
		49068798257661D900B9BC18 /* Build configuration list for PBXNativeTarget "AdventCode2020" */ = {
			isa = XCConfigurationList;
			buildConfigurations = (
				49068799257661D900B9BC18 /* Debug */,
				4906879A257661D900B9BC18 /* Release */,
			);
			defaultConfigurationIsVisible = 0;
			defaultConfigurationName = Release;
		};
/* End XCConfigurationList section */
	};
	rootObject = 49068789257661D900B9BC18 /* Project object */;
}
